
Microsoft Visual Studio Solution File, Format Version 12.00
Project("{FAE04EC0-301F-11D3-BF4B-00C04F79EFBC}") = "Clarity.Api", "Clarity.Api\Clarity.Api.csproj", "{7EA31EA1-91D1-47C5-8A7B-498094B65C46}"
EndProject
Project("{FAE04EC0-301F-11D3-BF4B-00C04F79EFBC}") = "Clarity.Core", "Clarity.Core\Clarity.Core.csproj", "{0C88852B-8795-43B3-9B57-929A9CE124D0}"
EndProject
Project("{FAE04EC0-301F-11D3-BF4B-00C04F79EFBC}") = "Clarity.Application", "Clarity.Application\Clarity.Application.csproj", "{2D05F54F-1BAD-4058-97E0-F747D09D5738}"
EndProject
Project("{FAE04EC0-301F-11D3-BF4B-00C04F79EFBC}") = "Clarity.Persistence", "Clarity.Persistence\Clarity.Persistence.csproj", "{92432696-2796-4360-A9CB-8A4FB98486B7}"
EndProject
Project("{FAE04EC0-301F-11D3-BF4B-00C04F79EFBC}") = "Clarity.Infrastructure", "Clarity.Infrastructure\Clarity.Infrastructure.csproj", "{1581C579-7734-4EDA-98F0-DF477EDEA808}"
EndProject
Project("{FAE04EC0-301F-11D3-BF4B-00C04F79EFBC}") = "Clarity.UnitTests", "Clarity.UnitTests\Clarity.UnitTests.csproj", "{B555D9A3-4F97-4893-AFF2-A47CD9618AD0}"
EndProject
Project("{2150E333-8FDC-42A3-9474-1A3956D46DE8}") = "Solution Items", "Solution Items", "{99267D77-AF3F-4A33-9119-1A7AE29ADEE3}"
	ProjectSection(SolutionItems) = preProject
		compose.yaml = compose.yaml
	EndProjectSection
EndProject
Project("{FAE04EC0-301F-11D3-BF4B-00C04F79EFBC}") = "Clarity.IntegrationsTests", "Clarity.IntegrationsTests\Clarity.IntegrationsTests.csproj", "{9E1A3F30-93E0-4659-AE0B-1D8293E75F01}"
EndProject
Global
	GlobalSection(SolutionConfigurationPlatforms) = preSolution
		Debug|Any CPU = Debug|Any CPU
		Release|Any CPU = Release|Any CPU
	EndGlobalSection
	GlobalSection(ProjectConfigurationPlatforms) = postSolution
		{7EA31EA1-91D1-47C5-8A7B-498094B65C46}.Debug|Any CPU.ActiveCfg = Debug|Any CPU
		{7EA31EA1-91D1-47C5-8A7B-498094B65C46}.Debug|Any CPU.Build.0 = Debug|Any CPU
		{7EA31EA1-91D1-47C5-8A7B-498094B65C46}.Release|Any CPU.ActiveCfg = Release|Any CPU
		{7EA31EA1-91D1-47C5-8A7B-498094B65C46}.Release|Any CPU.Build.0 = Release|Any CPU
		{0C88852B-8795-43B3-9B57-929A9CE124D0}.Debug|Any CPU.ActiveCfg = Debug|Any CPU
		{0C88852B-8795-43B3-9B57-929A9CE124D0}.Debug|Any CPU.Build.0 = Debug|Any CPU
		{0C88852B-8795-43B3-9B57-929A9CE124D0}.Release|Any CPU.ActiveCfg = Release|Any CPU
		{0C88852B-8795-43B3-9B57-929A9CE124D0}.Release|Any CPU.Build.0 = Release|Any CPU
		{2D05F54F-1BAD-4058-97E0-F747D09D5738}.Debug|Any CPU.ActiveCfg = Debug|Any CPU
		{2D05F54F-1BAD-4058-97E0-F747D09D5738}.Debug|Any CPU.Build.0 = Debug|Any CPU
		{2D05F54F-1BAD-4058-97E0-F747D09D5738}.Release|Any CPU.ActiveCfg = Release|Any CPU
		{2D05F54F-1BAD-4058-97E0-F747D09D5738}.Release|Any CPU.Build.0 = Release|Any CPU
		{92432696-2796-4360-A9CB-8A4FB98486B7}.Debug|Any CPU.ActiveCfg = Debug|Any CPU
		{92432696-2796-4360-A9CB-8A4FB98486B7}.Debug|Any CPU.Build.0 = Debug|Any CPU
		{92432696-2796-4360-A9CB-8A4FB98486B7}.Release|Any CPU.ActiveCfg = Release|Any CPU
		{92432696-2796-4360-A9CB-8A4FB98486B7}.Release|Any CPU.Build.0 = Release|Any CPU
		{1581C579-7734-4EDA-98F0-DF477EDEA808}.Debug|Any CPU.ActiveCfg = Debug|Any CPU
		{1581C579-7734-4EDA-98F0-DF477EDEA808}.Debug|Any CPU.Build.0 = Debug|Any CPU
		{1581C579-7734-4EDA-98F0-DF477EDEA808}.Release|Any CPU.ActiveCfg = Release|Any CPU
		{1581C579-7734-4EDA-98F0-DF477EDEA808}.Release|Any CPU.Build.0 = Release|Any CPU
		{B555D9A3-4F97-4893-AFF2-A47CD9618AD0}.Debug|Any CPU.ActiveCfg = Debug|Any CPU
		{B555D9A3-4F97-4893-AFF2-A47CD9618AD0}.Debug|Any CPU.Build.0 = Debug|Any CPU
		{B555D9A3-4F97-4893-AFF2-A47CD9618AD0}.Release|Any CPU.ActiveCfg = Release|Any CPU
		{B555D9A3-4F97-4893-AFF2-A47CD9618AD0}.Release|Any CPU.Build.0 = Release|Any CPU
		{9E1A3F30-93E0-4659-AE0B-1D8293E75F01}.Debug|Any CPU.ActiveCfg = Debug|Any CPU
		{9E1A3F30-93E0-4659-AE0B-1D8293E75F01}.Debug|Any CPU.Build.0 = Debug|Any CPU
		{9E1A3F30-93E0-4659-AE0B-1D8293E75F01}.Release|Any CPU.ActiveCfg = Release|Any CPU
		{9E1A3F30-93E0-4659-AE0B-1D8293E75F01}.Release|Any CPU.Build.0 = Release|Any CPU
	EndGlobalSection
EndGlobal
